// !$*UTF8*$!
{
	archiveVersion = 1;
	classes = {
	};
	objectVersion = 51;
	objects = {

/* Begin PBXBuildFile section */
		3A43164F247D5A3600535ADF /* AppDelegate.swift in Sources */ = {isa = PBXBuildFile; fileRef = 3A43164E247D5A3600535ADF /* AppDelegate.swift */; };
		3A431651247D5A3600535ADF /* SceneDelegate.swift in Sources */ = {isa = PBXBuildFile; fileRef = 3A431650247D5A3600535ADF /* SceneDelegate.swift */; };
		3A431653247D5A3600535ADF /* ViewController.swift in Sources */ = {isa = PBXBuildFile; fileRef = 3A431652247D5A3600535ADF /* ViewController.swift */; };
		3A431656247D5A3600535ADF /* Main.storyboard in Resources */ = {isa = PBXBuildFile; fileRef = 3A431654247D5A3600535ADF /* Main.storyboard */; };
		3A431658247D5A3900535ADF /* Assets.xcassets in Resources */ = {isa = PBXBuildFile; fileRef = 3A431657247D5A3900535ADF /* Assets.xcassets */; };
		3A43165B247D5A3900535ADF /* LaunchScreen.storyboard in Resources */ = {isa = PBXBuildFile; fileRef = 3A431659247D5A3900535ADF /* LaunchScreen.storyboard */; };
		3A43E578247E43E10072EA6D /* CustomTableViewCell.swift in Sources */ = {isa = PBXBuildFile; fileRef = 3A43E577247E43E10072EA6D /* CustomTableViewCell.swift */; };
		3A43E57A247E44B10072EA6D /* ModelClasses.swift in Sources */ = {isa = PBXBuildFile; fileRef = 3A43E579247E44B10072EA6D /* ModelClasses.swift */; };
		3A43E57C247E47970072EA6D /* StorageManager.swift in Sources */ = {isa = PBXBuildFile; fileRef = 3A43E57B247E47960072EA6D /* StorageManager.swift */; };
		3A43E57E247E4E530072EA6D /* TableViewController.swift in Sources */ = {isa = PBXBuildFile; fileRef = 3A43E57D247E4E530072EA6D /* TableViewController.swift */; };
		3A43E580247E69F90072EA6D /* ColorsSelection.swift in Sources */ = {isa = PBXBuildFile; fileRef = 3A43E57F247E69F90072EA6D /* ColorsSelection.swift */; };
		3A43E584247EA0430072EA6D /* Pods_MyResponse.framework in Frameworks */ = {isa = PBXBuildFile; fileRef = 8E09C6A1DB61AD553B340074 /* Pods_MyResponse.framework */; };
		3A43E585247EA0430072EA6D /* Pods_MyResponse.framework in Embed Frameworks */ = {isa = PBXBuildFile; fileRef = 8E09C6A1DB61AD553B340074 /* Pods_MyResponse.framework */; settings = {ATTRIBUTES = (CodeSignOnCopy, RemoveHeadersOnCopy, ); }; };
/* End PBXBuildFile section */

/* Begin PBXCopyFilesBuildPhase section */
		3A43E586247EA0430072EA6D /* Embed Frameworks */ = {
			isa = PBXCopyFilesBuildPhase;
			buildActionMask = 2147483647;
			dstPath = "";
			dstSubfolderSpec = 10;
			files = (
				3A43E585247EA0430072EA6D /* Pods_MyResponse.framework in Embed Frameworks */,
			);
			name = "Embed Frameworks";
			runOnlyForDeploymentPostprocessing = 0;
		};
/* End PBXCopyFilesBuildPhase section */

/* Begin PBXFileReference section */
		3A43164B247D5A3600535ADF /* MyResponse.app */ = {isa = PBXFileReference; explicitFileType = wrapper.application; includeInIndex = 0; path = MyResponse.app; sourceTree = BUILT_PRODUCTS_DIR; };
		3A43164E247D5A3600535ADF /* AppDelegate.swift */ = {isa = PBXFileReference; lastKnownFileType = sourcecode.swift; path = AppDelegate.swift; sourceTree = "<group>"; };
		3A431650247D5A3600535ADF /* SceneDelegate.swift */ = {isa = PBXFileReference; lastKnownFileType = sourcecode.swift; path = SceneDelegate.swift; sourceTree = "<group>"; };
		3A431652247D5A3600535ADF /* ViewController.swift */ = {isa = PBXFileReference; lastKnownFileType = sourcecode.swift; path = ViewController.swift; sourceTree = "<group>"; };
		3A431655247D5A3600535ADF /* Base */ = {isa = PBXFileReference; lastKnownFileType = file.storyboard; name = Base; path = Base.lproj/Main.storyboard; sourceTree = "<group>"; };
		3A431657247D5A3900535ADF /* Assets.xcassets */ = {isa = PBXFileReference; lastKnownFileType = folder.assetcatalog; path = Assets.xcassets; sourceTree = "<group>"; };
		3A43165A247D5A3900535ADF /* Base */ = {isa = PBXFileReference; lastKnownFileType = file.storyboard; name = Base; path = Base.lproj/LaunchScreen.storyboard; sourceTree = "<group>"; };
		3A43165C247D5A3900535ADF /* Info.plist */ = {isa = PBXFileReference; lastKnownFileType = text.plist.xml; path = Info.plist; sourceTree = "<group>"; };
		3A43E577247E43E10072EA6D /* CustomTableViewCell.swift */ = {isa = PBXFileReference; lastKnownFileType = sourcecode.swift; path = CustomTableViewCell.swift; sourceTree = "<group>"; };
		3A43E579247E44B10072EA6D /* ModelClasses.swift */ = {isa = PBXFileReference; lastKnownFileType = sourcecode.swift; path = ModelClasses.swift; sourceTree = "<group>"; };
		3A43E57B247E47960072EA6D /* StorageManager.swift */ = {isa = PBXFileReference; lastKnownFileType = sourcecode.swift; path = StorageManager.swift; sourceTree = "<group>"; };
		3A43E57D247E4E530072EA6D /* TableViewController.swift */ = {isa = PBXFileReference; lastKnownFileType = sourcecode.swift; path = TableViewController.swift; sourceTree = "<group>"; };
		3A43E57F247E69F90072EA6D /* ColorsSelection.swift */ = {isa = PBXFileReference; lastKnownFileType = sourcecode.swift; path = ColorsSelection.swift; sourceTree = "<group>"; };
		8E09C6A1DB61AD553B340074 /* Pods_MyResponse.framework */ = {isa = PBXFileReference; explicitFileType = wrapper.framework; includeInIndex = 0; path = Pods_MyResponse.framework; sourceTree = BUILT_PRODUCTS_DIR; };
		BA8FA17867F9C5D3ED77447F /* Pods-MyResponse.release.xcconfig */ = {isa = PBXFileReference; includeInIndex = 1; lastKnownFileType = text.xcconfig; name = "Pods-MyResponse.release.xcconfig"; path = "Target Support Files/Pods-MyResponse/Pods-MyResponse.release.xcconfig"; sourceTree = "<group>"; };
		EDF69F1BA3653EA84E6AF3CA /* Pods-MyResponse.debug.xcconfig */ = {isa = PBXFileReference; includeInIndex = 1; lastKnownFileType = text.xcconfig; name = "Pods-MyResponse.debug.xcconfig"; path = "Target Support Files/Pods-MyResponse/Pods-MyResponse.debug.xcconfig"; sourceTree = "<group>"; };
/* End PBXFileReference section */

/* Begin PBXFrameworksBuildPhase section */
		3A431648247D5A3600535ADF /* Frameworks */ = {
			isa = PBXFrameworksBuildPhase;
			buildActionMask = 2147483647;
			files = (
				3A43E584247EA0430072EA6D /* Pods_MyResponse.framework in Frameworks */,
			);
			runOnlyForDeploymentPostprocessing = 0;
		};
/* End PBXFrameworksBuildPhase section */

/* Begin PBXGroup section */
		023C78B47583986074B27594 /* Pods */ = {
			isa = PBXGroup;
			children = (
				EDF69F1BA3653EA84E6AF3CA /* Pods-MyResponse.debug.xcconfig */,
				BA8FA17867F9C5D3ED77447F /* Pods-MyResponse.release.xcconfig */,
			);
			path = Pods;
			sourceTree = "<group>";
		};
		3A431642247D5A3600535ADF = {
			isa = PBXGroup;
			children = (
				3A43164D247D5A3600535ADF /* MyResponse */,
				3A43164C247D5A3600535ADF /* Products */,
				023C78B47583986074B27594 /* Pods */,
				7209827C926F2710D1C71272 /* Frameworks */,
			);
			sourceTree = "<group>";
		};
		3A43164C247D5A3600535ADF /* Products */ = {
			isa = PBXGroup;
			children = (
				3A43164B247D5A3600535ADF /* MyResponse.app */,
			);
			name = Products;
			sourceTree = "<group>";
		};
		3A43164D247D5A3600535ADF /* MyResponse */ = {
			isa = PBXGroup;
			children = (
				3A43164E247D5A3600535ADF /* AppDelegate.swift */,
				3A431650247D5A3600535ADF /* SceneDelegate.swift */,
				3A431652247D5A3600535ADF /* ViewController.swift */,
				3A43E577247E43E10072EA6D /* CustomTableViewCell.swift */,
				3A43E57D247E4E530072EA6D /* TableViewController.swift */,
				3A43E57F247E69F90072EA6D /* ColorsSelection.swift */,
				3A43E579247E44B10072EA6D /* ModelClasses.swift */,
				3A43E57B247E47960072EA6D /* StorageManager.swift */,
				3A431654247D5A3600535ADF /* Main.storyboard */,
				3A431657247D5A3900535ADF /* Assets.xcassets */,
				3A431659247D5A3900535ADF /* LaunchScreen.storyboard */,
				3A43165C247D5A3900535ADF /* Info.plist */,
			);
			path = MyResponse;
			sourceTree = "<group>";
		};
		7209827C926F2710D1C71272 /* Frameworks */ = {
			isa = PBXGroup;
			children = (
				8E09C6A1DB61AD553B340074 /* Pods_MyResponse.framework */,
			);
			name = Frameworks;
			sourceTree = "<group>";
		};
/* End PBXGroup section */

/* Begin PBXNativeTarget section */
		3A43164A247D5A3600535ADF /* MyResponse */ = {
			isa = PBXNativeTarget;
			buildConfigurationList = 3A43165F247D5A3900535ADF /* Build configuration list for PBXNativeTarget "MyResponse" */;
			buildPhases = (
				CAC2AC2B20861DB4BC7BF0C6 /* [CP] Check Pods Manifest.lock */,
				3A431647247D5A3600535ADF /* Sources */,
				3A431648247D5A3600535ADF /* Frameworks */,
				3A431649247D5A3600535ADF /* Resources */,
				D9F491DF02F9C7D47DD416D8 /* [CP] Embed Pods Frameworks */,
				3A43E586247EA0430072EA6D /* Embed Frameworks */,
			);
			buildRules = (
			);
			dependencies = (
			);
			name = MyResponse;
			productName = MyResponse;
			productReference = 3A43164B247D5A3600535ADF /* MyResponse.app */;
			productType = "com.apple.product-type.application";
		};
/* End PBXNativeTarget section */

/* Begin PBXProject section */
		3A431643247D5A3600535ADF /* Project object */ = {
			isa = PBXProject;
			attributes = {
				LastSwiftUpdateCheck = 1140;
				LastUpgradeCheck = 1140;
				ORGANIZATIONNAME = "Сергей Цыганков";
				TargetAttributes = {
					3A43164A247D5A3600535ADF = {
						CreatedOnToolsVersion = 11.4;
					};
				};
			};
			buildConfigurationList = 3A431646247D5A3600535ADF /* Build configuration list for PBXProject "MyResponse" */;
			compatibilityVersion = "Xcode 9.3";
			developmentRegion = en;
			hasScannedForEncodings = 0;
			knownRegions = (
				en,
				Base,
			);
			mainGroup = 3A431642247D5A3600535ADF;
			productRefGroup = 3A43164C247D5A3600535ADF /* Products */;
			projectDirPath = "";
			projectRoot = "";
			targets = (
				3A43164A247D5A3600535ADF /* MyResponse */,
			);
		};
/* End PBXProject section */

/* Begin PBXResourcesBuildPhase section */
		3A431649247D5A3600535ADF /* Resources */ = {
			isa = PBXResourcesBuildPhase;
			buildActionMask = 2147483647;
			files = (
				3A43165B247D5A3900535ADF /* LaunchScreen.storyboard in Resources */,
				3A431658247D5A3900535ADF /* Assets.xcassets in Resources */,
				3A431656247D5A3600535ADF /* Main.storyboard in Resources */,
			);
			runOnlyForDeploymentPostprocessing = 0;
		};
/* End PBXResourcesBuildPhase section */

/* Begin PBXShellScriptBuildPhase section */
		CAC2AC2B20861DB4BC7BF0C6 /* [CP] Check Pods Manifest.lock */ = {
			isa = PBXShellScriptBuildPhase;
			buildActionMask = 2147483647;
			files = (
			);
			inputFileListPaths = (
			);
			inputPaths = (
				"${PODS_PODFILE_DIR_PATH}/Podfile.lock",
				"${PODS_ROOT}/Manifest.lock",
			);
			name = "[CP] Check Pods Manifest.lock";
			outputFileListPaths = (
			);
			outputPaths = (
				"$(DERIVED_FILE_DIR)/Pods-MyResponse-checkManifestLockResult.txt",
			);
			runOnlyForDeploymentPostprocessing = 0;
			shellPath = /bin/sh;
			shellScript = "diff \"${PODS_PODFILE_DIR_PATH}/Podfile.lock\" \"${PODS_ROOT}/Manifest.lock\" > /dev/null\nif [ $? != 0 ] ; then\n    # print error to STDERR\n    echo \"error: The sandbox is not in sync with the Podfile.lock. Run 'pod install' or update your CocoaPods installation.\" >&2\n    exit 1\nfi\n# This output is used by Xcode 'outputs' to avoid re-running this script phase.\necho \"SUCCESS\" > \"${SCRIPT_OUTPUT_FILE_0}\"\n";
			showEnvVarsInLog = 0;
		};
		D9F491DF02F9C7D47DD416D8 /* [CP] Embed Pods Frameworks */ = {
			isa = PBXShellScriptBuildPhase;
			buildActionMask = 2147483647;
			files = (
			);
			inputFileListPaths = (
				"${PODS_ROOT}/Target Support Files/Pods-MyResponse/Pods-MyResponse-frameworks-${CONFIGURATION}-input-files.xcfilelist",
			);
			name = "[CP] Embed Pods Frameworks";
			outputFileListPaths = (
				"${PODS_ROOT}/Target Support Files/Pods-MyResponse/Pods-MyResponse-frameworks-${CONFIGURATION}-output-files.xcfilelist",
			);
			runOnlyForDeploymentPostprocessing = 0;
			shellPath = /bin/sh;
			shellScript = "\"${PODS_ROOT}/Target Support Files/Pods-MyResponse/Pods-MyResponse-frameworks.sh\"\n";
			showEnvVarsInLog = 0;
		};
/* End PBXShellScriptBuildPhase section */

/* Begin PBXSourcesBuildPhase section */
		3A431647247D5A3600535ADF /* Sources */ = {
			isa = PBXSourcesBuildPhase;
			buildActionMask = 2147483647;
			files = (
				3A43E580247E69F90072EA6D /* ColorsSelection.swift in Sources */,
				3A431653247D5A3600535ADF /* ViewController.swift in Sources */,
				3A43E57E247E4E530072EA6D /* TableViewController.swift in Sources */,
				3A43E57A247E44B10072EA6D /* ModelClasses.swift in Sources */,
				3A43164F247D5A3600535ADF /* AppDelegate.swift in Sources */,
				3A43E57C247E47970072EA6D /* StorageManager.swift in Sources */,
				3A43E578247E43E10072EA6D /* CustomTableViewCell.swift in Sources */,
				3A431651247D5A3600535ADF /* SceneDelegate.swift in Sources */,
			);
			runOnlyForDeploymentPostprocessing = 0;
		};
/* End PBXSourcesBuildPhase section */

/* Begin PBXVariantGroup section */
		3A431654247D5A3600535ADF /* Main.storyboard */ = {
			isa = PBXVariantGroup;
			children = (
				3A431655247D5A3600535ADF /* Base */,
			);
			name = Main.storyboard;
			sourceTree = "<group>";
		};
		3A431659247D5A3900535ADF /* LaunchScreen.storyboard */ = {
			isa = PBXVariantGroup;
			children = (
				3A43165A247D5A3900535ADF /* Base */,
			);
			name = LaunchScreen.storyboard;
			sourceTree = "<group>";
		};
/* End PBXVariantGroup section */

/* Begin XCBuildConfiguration section */
		3A43165D247D5A3900535ADF /* Debug */ = {
			isa = XCBuildConfiguration;
			buildSettings = {
				ALWAYS_SEARCH_USER_PATHS = NO;
				CLANG_ANALYZER_NONNULL = YES;
				CLANG_ANALYZER_NUMBER_OBJECT_CONVERSION = YES_AGGRESSIVE;
				CLANG_CXX_LANGUAGE_STANDARD = "gnu++14";
				CLANG_CXX_LIBRARY = "libc++";
				CLANG_ENABLE_MODULES = YES;
				CLANG_ENABLE_OBJC_ARC = YES;
				CLANG_ENABLE_OBJC_WEAK = YES;
				CLANG_WARN_BLOCK_CAPTURE_AUTORELEASING = YES;
				CLANG_WARN_BOOL_CONVERSION = YES;
				CLANG_WARN_COMMA = YES;
				CLANG_WARN_CONSTANT_CONVERSION = YES;
				CLANG_WARN_DEPRECATED_OBJC_IMPLEMENTATIONS = YES;
				CLANG_WARN_DIRECT_OBJC_ISA_USAGE = YES_ERROR;
				CLANG_WARN_DOCUMENTATION_COMMENTS = YES;
				CLANG_WARN_EMPTY_BODY = YES;
				CLANG_WARN_ENUM_CONVERSION = YES;
				CLANG_WARN_INFINITE_RECURSION = YES;
				CLANG_WARN_INT_CONVERSION = YES;
				CLANG_WARN_NON_LITERAL_NULL_CONVERSION = YES;
				CLANG_WARN_OBJC_IMPLICIT_RETAIN_SELF = YES;
				CLANG_WARN_OBJC_LITERAL_CONVERSION = YES;
				CLANG_WARN_OBJC_ROOT_CLASS = YES_ERROR;
				CLANG_WARN_RANGE_LOOP_ANALYSIS = YES;
				CLANG_WARN_STRICT_PROTOTYPES = YES;
				CLANG_WARN_SUSPICIOUS_MOVE = YES;
				CLANG_WARN_UNGUARDED_AVAILABILITY = YES_AGGRESSIVE;
				CLANG_WARN_UNREACHABLE_CODE = YES;
				CLANG_WARN__DUPLICATE_METHOD_MATCH = YES;
				COPY_PHASE_STRIP = NO;
				DEBUG_INFORMATION_FORMAT = dwarf;
				ENABLE_STRICT_OBJC_MSGSEND = YES;
				ENABLE_TESTABILITY = YES;
				GCC_C_LANGUAGE_STANDARD = gnu11;
				GCC_DYNAMIC_NO_PIC = NO;
				GCC_NO_COMMON_BLOCKS = YES;
				GCC_OPTIMIZATION_LEVEL = 0;
				GCC_PREPROCESSOR_DEFINITIONS = (
					"DEBUG=1",
					"$(inherited)",
				);
				GCC_WARN_64_TO_32_BIT_CONVERSION = YES;
				GCC_WARN_ABOUT_RETURN_TYPE = YES_ERROR;
				GCC_WARN_UNDECLARED_SELECTOR = YES;
				GCC_WARN_UNINITIALIZED_AUTOS = YES_AGGRESSIVE;
				GCC_WARN_UNUSED_FUNCTION = YES;
				GCC_WARN_UNUSED_VARIABLE = YES;
				IPHONEOS_DEPLOYMENT_TARGET = 13.4;
				MTL_ENABLE_DEBUG_INFO = INCLUDE_SOURCE;
				MTL_FAST_MATH = YES;
				ONLY_ACTIVE_ARCH = YES;
				SDKROOT = iphoneos;
				SWIFT_ACTIVE_COMPILATION_CONDITIONS = DEBUG;
				SWIFT_OPTIMIZATION_LEVEL = "-Onone";
			};
			name = Debug;
		};
		3A43165E247D5A3900535ADF /* Release */ = {
			isa = XCBuildConfiguration;
			buildSettings = {
				ALWAYS_SEARCH_USER_PATHS = NO;
				CLANG_ANALYZER_NONNULL = YES;
				CLANG_ANALYZER_NUMBER_OBJECT_CONVERSION = YES_AGGRESSIVE;
				CLANG_CXX_LANGUAGE_STANDARD = "gnu++14";
				CLANG_CXX_LIBRARY = "libc++";
				CLANG_ENABLE_MODULES = YES;
				CLANG_ENABLE_OBJC_ARC = YES;
				CLANG_ENABLE_OBJC_WEAK = YES;
				CLANG_WARN_BLOCK_CAPTURE_AUTORELEASING = YES;
				CLANG_WARN_BOOL_CONVERSION = YES;
				CLANG_WARN_COMMA = YES;
				CLANG_WARN_CONSTANT_CONVERSION = YES;
				CLANG_WARN_DEPRECATED_OBJC_IMPLEMENTATIONS = YES;
				CLANG_WARN_DIRECT_OBJC_ISA_USAGE = YES_ERROR;
				CLANG_WARN_DOCUMENTATION_COMMENTS = YES;
				CLANG_WARN_EMPTY_BODY = YES;
				CLANG_WARN_ENUM_CONVERSION = YES;
				CLANG_WARN_INFINITE_RECURSION = YES;
				CLANG_WARN_INT_CONVERSION = YES;
				CLANG_WARN_NON_LITERAL_NULL_CONVERSION = YES;
				CLANG_WARN_OBJC_IMPLICIT_RETAIN_SELF = YES;
				CLANG_WARN_OBJC_LITERAL_CONVERSION = YES;
				CLANG_WARN_OBJC_ROOT_CLASS = YES_ERROR;
				CLANG_WARN_RANGE_LOOP_ANALYSIS = YES;
				CLANG_WARN_STRICT_PROTOTYPES = YES;
				CLANG_WARN_SUSPICIOUS_MOVE = YES;
				CLANG_WARN_UNGUARDED_AVAILABILITY = YES_AGGRESSIVE;
				CLANG_WARN_UNREACHABLE_CODE = YES;
				CLANG_WARN__DUPLICATE_METHOD_MATCH = YES;
				COPY_PHASE_STRIP = NO;
				DEBUG_INFORMATION_FORMAT = "dwarf-with-dsym";
				ENABLE_NS_ASSERTIONS = NO;
				ENABLE_STRICT_OBJC_MSGSEND = YES;
				GCC_C_LANGUAGE_STANDARD = gnu11;
				GCC_NO_COMMON_BLOCKS = YES;
				GCC_WARN_64_TO_32_BIT_CONVERSION = YES;
				GCC_WARN_ABOUT_RETURN_TYPE = YES_ERROR;
				GCC_WARN_UNDECLARED_SELECTOR = YES;
				GCC_WARN_UNINITIALIZED_AUTOS = YES_AGGRESSIVE;
				GCC_WARN_UNUSED_FUNCTION = YES;
				GCC_WARN_UNUSED_VARIABLE = YES;
				IPHONEOS_DEPLOYMENT_TARGET = 13.4;
				MTL_ENABLE_DEBUG_INFO = NO;
				MTL_FAST_MATH = YES;
				SDKROOT = iphoneos;
				SWIFT_COMPILATION_MODE = wholemodule;
				SWIFT_OPTIMIZATION_LEVEL = "-O";
				VALIDATE_PRODUCT = YES;
			};
			name = Release;
		};
		3A431660247D5A3900535ADF /* Debug */ = {
			isa = XCBuildConfiguration;
			baseConfigurationReference = EDF69F1BA3653EA84E6AF3CA /* Pods-MyResponse.debug.xcconfig */;
			buildSettings = {
				ASSETCATALOG_COMPILER_APPICON_NAME = AppIcon;
				CODE_SIGN_STYLE = Automatic;
				DEVELOPMENT_TEAM = JXML6575PM;
				INFOPLIST_FILE = MyResponse/Info.plist;
				IPHONEOS_DEPLOYMENT_TARGET = 13.0;
				LD_RUNPATH_SEARCH_PATHS = (
					"$(inherited)",
					"@executable_path/Frameworks",
				);
				PRODUCT_BUNDLE_IDENTIFIER = squirrelLand.MyResponse;
				PRODUCT_NAME = "$(TARGET_NAME)";
				SWIFT_VERSION = 5.0;
				TARGETED_DEVICE_FAMILY = "1,2";
			};
			name = Debug;
		};
		3A431661247D5A3900535ADF /* Release */ = {
			isa = XCBuildConfiguration;
			baseConfigurationReference = BA8FA17867F9C5D3ED77447F /* Pods-MyResponse.release.xcconfig */;
			buildSettings = {
				ASSETCATALOG_COMPILER_APPICON_NAME = AppIcon;
				CODE_SIGN_STYLE = Automatic;
				DEVELOPMENT_TEAM = JXML6575PM;
				INFOPLIST_FILE = MyResponse/Info.plist;
				IPHONEOS_DEPLOYMENT_TARGET = 13.0;
				LD_RUNPATH_SEARCH_PATHS = (
					"$(inherited)",
					"@executable_path/Frameworks",
				);
				PRODUCT_BUNDLE_IDENTIFIER = squirrelLand.MyResponse;
				PRODUCT_NAME = "$(TARGET_NAME)";
				SWIFT_VERSION = 5.0;
				TARGETED_DEVICE_FAMILY = "1,2";
			};
			name = Release;
		};
/* End XCBuildConfiguration section */

/* Begin XCConfigurationList section */
		3A431646247D5A3600535ADF /* Build configuration list for PBXProject "MyResponse" */ = {
			isa = XCConfigurationList;
			buildConfigurations = (
				3A43165D247D5A3900535ADF /* Debug */,
				3A43165E247D5A3900535ADF /* Release */,
			);
			defaultConfigurationIsVisible = 0;
			defaultConfigurationName = Release;
		};
		3A43165F247D5A3900535ADF /* Build configuration list for PBXNativeTarget "MyResponse" */ = {
			isa = XCConfigurationList;
			buildConfigurations = (
				3A431660247D5A3900535ADF /* Debug */,
				3A431661247D5A3900535ADF /* Release */,
			);
			defaultConfigurationIsVisible = 0;
			defaultConfigurationName = Release;
		};
/* End XCConfigurationList section */
	};
	rootObject = 3A431643247D5A3600535ADF /* Project object */;
}
